// !$*UTF8*$!
{
	archiveVersion = 1;
	classes = {
	};
	objectVersion = 50;
	objects = {

/* Begin PBXBuildFile section */
		448DF0C723FA6EB50006DB9E /* AppDelegate.swift in Sources */ = {isa = PBXBuildFile; fileRef = 448DF0C623FA6EB50006DB9E /* AppDelegate.swift */; };
		448DF0C923FA6EB50006DB9E /* SceneDelegate.swift in Sources */ = {isa = PBXBuildFile; fileRef = 448DF0C823FA6EB50006DB9E /* SceneDelegate.swift */; };
		448DF0CB23FA6EB50006DB9E /* IntroductionViewController.swift in Sources */ = {isa = PBXBuildFile; fileRef = 448DF0CA23FA6EB50006DB9E /* IntroductionViewController.swift */; };
		448DF0CE23FA6EB50006DB9E /* Main.storyboard in Resources */ = {isa = PBXBuildFile; fileRef = 448DF0CC23FA6EB50006DB9E /* Main.storyboard */; };
		448DF0D023FA6EB60006DB9E /* Assets.xcassets in Resources */ = {isa = PBXBuildFile; fileRef = 448DF0CF23FA6EB60006DB9E /* Assets.xcassets */; };
		448DF0D323FA6EB60006DB9E /* LaunchScreen.storyboard in Resources */ = {isa = PBXBuildFile; fileRef = 448DF0D123FA6EB60006DB9E /* LaunchScreen.storyboard */; };
		448DF0DB23FA8F590006DB9E /* Question.swift in Sources */ = {isa = PBXBuildFile; fileRef = 448DF0DA23FA8F590006DB9E /* Question.swift */; };
		448DF0E223FA93980006DB9E /* ResponseType.swift in Sources */ = {isa = PBXBuildFile; fileRef = 448DF0E123FA93980006DB9E /* ResponseType.swift */; };
		448DF0E423FA95160006DB9E /* Answer.swift in Sources */ = {isa = PBXBuildFile; fileRef = 448DF0E323FA95160006DB9E /* Answer.swift */; };
		448DF0E623FA96020006DB9E /* AnimalType.swift in Sources */ = {isa = PBXBuildFile; fileRef = 448DF0E523FA96020006DB9E /* AnimalType.swift */; };
		448DF0EA23FAAF7D0006DB9E /* ResultsViewController.swift in Sources */ = {isa = PBXBuildFile; fileRef = 448DF0E923FAAF7D0006DB9E /* ResultsViewController.swift */; };
		448DF0EB23FADC230006DB9E /* QuestionViewController.swift in Sources */ = {isa = PBXBuildFile; fileRef = 448DF0E723FAAF160006DB9E /* QuestionViewController.swift */; };
/* End PBXBuildFile section */

/* Begin PBXFileReference section */
		448DF0C323FA6EB50006DB9E /* PersonalQuizApp.app */ = {isa = PBXFileReference; explicitFileType = wrapper.application; includeInIndex = 0; path = PersonalQuizApp.app; sourceTree = BUILT_PRODUCTS_DIR; };
		448DF0C623FA6EB50006DB9E /* AppDelegate.swift */ = {isa = PBXFileReference; lastKnownFileType = sourcecode.swift; path = AppDelegate.swift; sourceTree = "<group>"; };
		448DF0C823FA6EB50006DB9E /* SceneDelegate.swift */ = {isa = PBXFileReference; lastKnownFileType = sourcecode.swift; path = SceneDelegate.swift; sourceTree = "<group>"; };
		448DF0CA23FA6EB50006DB9E /* IntroductionViewController.swift */ = {isa = PBXFileReference; lastKnownFileType = sourcecode.swift; path = IntroductionViewController.swift; sourceTree = "<group>"; };
		448DF0CD23FA6EB50006DB9E /* Base */ = {isa = PBXFileReference; lastKnownFileType = file.storyboard; name = Base; path = Base.lproj/Main.storyboard; sourceTree = "<group>"; };
		448DF0CF23FA6EB60006DB9E /* Assets.xcassets */ = {isa = PBXFileReference; lastKnownFileType = folder.assetcatalog; path = Assets.xcassets; sourceTree = "<group>"; };
		448DF0D223FA6EB60006DB9E /* Base */ = {isa = PBXFileReference; lastKnownFileType = file.storyboard; name = Base; path = Base.lproj/LaunchScreen.storyboard; sourceTree = "<group>"; };
		448DF0D423FA6EB60006DB9E /* Info.plist */ = {isa = PBXFileReference; lastKnownFileType = text.plist.xml; path = Info.plist; sourceTree = "<group>"; };
		448DF0DA23FA8F590006DB9E /* Question.swift */ = {isa = PBXFileReference; lastKnownFileType = sourcecode.swift; path = Question.swift; sourceTree = "<group>"; };
		448DF0E123FA93980006DB9E /* ResponseType.swift */ = {isa = PBXFileReference; lastKnownFileType = sourcecode.swift; path = ResponseType.swift; sourceTree = "<group>"; };
		448DF0E323FA95160006DB9E /* Answer.swift */ = {isa = PBXFileReference; lastKnownFileType = sourcecode.swift; path = Answer.swift; sourceTree = "<group>"; };
		448DF0E523FA96020006DB9E /* AnimalType.swift */ = {isa = PBXFileReference; lastKnownFileType = sourcecode.swift; path = AnimalType.swift; sourceTree = "<group>"; };
		448DF0E723FAAF160006DB9E /* QuestionViewController.swift */ = {isa = PBXFileReference; lastKnownFileType = sourcecode.swift; path = QuestionViewController.swift; sourceTree = "<group>"; };
		448DF0E923FAAF7D0006DB9E /* ResultsViewController.swift */ = {isa = PBXFileReference; lastKnownFileType = sourcecode.swift; path = ResultsViewController.swift; sourceTree = "<group>"; };
/* End PBXFileReference section */

/* Begin PBXFrameworksBuildPhase section */
		448DF0C023FA6EB50006DB9E /* Frameworks */ = {
			isa = PBXFrameworksBuildPhase;
			buildActionMask = 2147483647;
			files = (
			);
			runOnlyForDeploymentPostprocessing = 0;
		};
/* End PBXFrameworksBuildPhase section */

/* Begin PBXGroup section */
		448DF0BA23FA6EB50006DB9E = {
			isa = PBXGroup;
			children = (
				448DF0C523FA6EB50006DB9E /* PersonalQuizApp */,
				448DF0C423FA6EB50006DB9E /* Products */,
				448DF0C823FA6EB50006DB9E /* SceneDelegate.swift */,
			);
			sourceTree = "<group>";
		};
		448DF0C423FA6EB50006DB9E /* Products */ = {
			isa = PBXGroup;
			children = (
				448DF0C323FA6EB50006DB9E /* PersonalQuizApp.app */,
			);
			name = Products;
			sourceTree = "<group>";
		};
		448DF0C523FA6EB50006DB9E /* PersonalQuizApp */ = {
			isa = PBXGroup;
			children = (
				448DF0DD23FA8FB00006DB9E /* Model */,
				448DF0DE23FA900A0006DB9E /* View */,
				448DF0DC23FA8F830006DB9E /* Controller */,
				448DF0DF23FA90560006DB9E /* Supporting Files */,
				448DF0E023FA90D60006DB9E /* Resources */,
			);
			path = PersonalQuizApp;
			sourceTree = "<group>";
		};
		448DF0DC23FA8F830006DB9E /* Controller */ = {
			isa = PBXGroup;
			children = (
				448DF0CA23FA6EB50006DB9E /* IntroductionViewController.swift */,
				448DF0E723FAAF160006DB9E /* QuestionViewController.swift */,
				448DF0E923FAAF7D0006DB9E /* ResultsViewController.swift */,
			);
			path = Controller;
			sourceTree = "<group>";
		};
		448DF0DD23FA8FB00006DB9E /* Model */ = {
			isa = PBXGroup;
			children = (
				448DF0DA23FA8F590006DB9E /* Question.swift */,
				448DF0E123FA93980006DB9E /* ResponseType.swift */,
				448DF0E323FA95160006DB9E /* Answer.swift */,
				448DF0E523FA96020006DB9E /* AnimalType.swift */,
			);
			path = Model;
			sourceTree = "<group>";
		};
		448DF0DE23FA900A0006DB9E /* View */ = {
			isa = PBXGroup;
			children = (
				448DF0D123FA6EB60006DB9E /* LaunchScreen.storyboard */,
				448DF0CC23FA6EB50006DB9E /* Main.storyboard */,
			);
			path = View;
			sourceTree = "<group>";
		};
		448DF0DF23FA90560006DB9E /* Supporting Files */ = {
			isa = PBXGroup;
			children = (
				448DF0D423FA6EB60006DB9E /* Info.plist */,
				448DF0C623FA6EB50006DB9E /* AppDelegate.swift */,
			);
			path = "Supporting Files";
			sourceTree = "<group>";
		};
		448DF0E023FA90D60006DB9E /* Resources */ = {
			isa = PBXGroup;
			children = (
				448DF0CF23FA6EB60006DB9E /* Assets.xcassets */,
			);
			path = Resources;
			sourceTree = "<group>";
		};
/* End PBXGroup section */

/* Begin PBXNativeTarget section */
		448DF0C223FA6EB50006DB9E /* PersonalQuizApp */ = {
			isa = PBXNativeTarget;
			buildConfigurationList = 448DF0D723FA6EB60006DB9E /* Build configuration list for PBXNativeTarget "PersonalQuizApp" */;
			buildPhases = (
				448DF0BF23FA6EB50006DB9E /* Sources */,
				448DF0C023FA6EB50006DB9E /* Frameworks */,
				448DF0C123FA6EB50006DB9E /* Resources */,
			);
			buildRules = (
			);
			dependencies = (
			);
			name = PersonalQuizApp;
			productName = PersonalQuizApp;
			productReference = 448DF0C323FA6EB50006DB9E /* PersonalQuizApp.app */;
			productType = "com.apple.product-type.application";
		};
/* End PBXNativeTarget section */

/* Begin PBXProject section */
		448DF0BB23FA6EB50006DB9E /* Project object */ = {
			isa = PBXProject;
			attributes = {
				LastSwiftUpdateCheck = 1130;
				LastUpgradeCheck = 1130;
				ORGANIZATIONNAME = "Yuriy Mamonov";
				TargetAttributes = {
					448DF0C223FA6EB50006DB9E = {
						CreatedOnToolsVersion = 11.3.1;
					};
				};
			};
			buildConfigurationList = 448DF0BE23FA6EB50006DB9E /* Build configuration list for PBXProject "PersonalQuizApp" */;
			compatibilityVersion = "Xcode 9.3";
			developmentRegion = en;
			hasScannedForEncodings = 0;
			knownRegions = (
				en,
				Base,
			);
			mainGroup = 448DF0BA23FA6EB50006DB9E;
			productRefGroup = 448DF0C423FA6EB50006DB9E /* Products */;
			projectDirPath = "";
			projectRoot = "";
			targets = (
				448DF0C223FA6EB50006DB9E /* PersonalQuizApp */,
			);
		};
/* End PBXProject section */

/* Begin PBXResourcesBuildPhase section */
		448DF0C123FA6EB50006DB9E /* Resources */ = {
			isa = PBXResourcesBuildPhase;
			buildActionMask = 2147483647;
			files = (
				448DF0D323FA6EB60006DB9E /* LaunchScreen.storyboard in Resources */,
				448DF0D023FA6EB60006DB9E /* Assets.xcassets in Resources */,
				448DF0CE23FA6EB50006DB9E /* Main.storyboard in Resources */,
			);
			runOnlyForDeploymentPostprocessing = 0;
		};
/* End PBXResourcesBuildPhase section */

/* Begin PBXSourcesBuildPhase section */
		448DF0BF23FA6EB50006DB9E /* Sources */ = {
			isa = PBXSourcesBuildPhase;
			buildActionMask = 2147483647;
			files = (
				448DF0CB23FA6EB50006DB9E /* IntroductionViewController.swift in Sources */,
				448DF0DB23FA8F590006DB9E /* Question.swift in Sources */,
				448DF0C723FA6EB50006DB9E /* AppDelegate.swift in Sources */,
				448DF0E423FA95160006DB9E /* Answer.swift in Sources */,
				448DF0E223FA93980006DB9E /* ResponseType.swift in Sources */,
				448DF0EA23FAAF7D0006DB9E /* ResultsViewController.swift in Sources */,
				448DF0C923FA6EB50006DB9E /* SceneDelegate.swift in Sources */,
				448DF0E623FA96020006DB9E /* AnimalType.swift in Sources */,
				448DF0EB23FADC230006DB9E /* QuestionViewController.swift in Sources */,
			);
			runOnlyForDeploymentPostprocessing = 0;
		};
/* End PBXSourcesBuildPhase section */

/* Begin PBXVariantGroup section */
		448DF0CC23FA6EB50006DB9E /* Main.storyboard */ = {
			isa = PBXVariantGroup;
			children = (
				448DF0CD23FA6EB50006DB9E /* Base */,
			);
			name = Main.storyboard;
			sourceTree = "<group>";
		};
		448DF0D123FA6EB60006DB9E /* LaunchScreen.storyboard */ = {
			isa = PBXVariantGroup;
			children = (
				448DF0D223FA6EB60006DB9E /* Base */,
			);
			name = LaunchScreen.storyboard;
			sourceTree = "<group>";
		};
/* End PBXVariantGroup section */

/* Begin XCBuildConfiguration section */
		448DF0D523FA6EB60006DB9E /* Debug */ = {
			isa = XCBuildConfiguration;
			buildSettings = {
				ALWAYS_SEARCH_USER_PATHS = NO;
				CLANG_ANALYZER_NONNULL = YES;
				CLANG_ANALYZER_NUMBER_OBJECT_CONVERSION = YES_AGGRESSIVE;
				CLANG_CXX_LANGUAGE_STANDARD = "gnu++14";
				CLANG_CXX_LIBRARY = "libc++";
				CLANG_ENABLE_MODULES = YES;
				CLANG_ENABLE_OBJC_ARC = YES;
				CLANG_ENABLE_OBJC_WEAK = YES;
				CLANG_WARN_BLOCK_CAPTURE_AUTORELEASING = YES;
				CLANG_WARN_BOOL_CONVERSION = YES;
				CLANG_WARN_COMMA = YES;
				CLANG_WARN_CONSTANT_CONVERSION = YES;
				CLANG_WARN_DEPRECATED_OBJC_IMPLEMENTATIONS = YES;
				CLANG_WARN_DIRECT_OBJC_ISA_USAGE = YES_ERROR;
				CLANG_WARN_DOCUMENTATION_COMMENTS = YES;
				CLANG_WARN_EMPTY_BODY = YES;
				CLANG_WARN_ENUM_CONVERSION = YES;
				CLANG_WARN_INFINITE_RECURSION = YES;
				CLANG_WARN_INT_CONVERSION = YES;
				CLANG_WARN_NON_LITERAL_NULL_CONVERSION = YES;
				CLANG_WARN_OBJC_IMPLICIT_RETAIN_SELF = YES;
				CLANG_WARN_OBJC_LITERAL_CONVERSION = YES;
				CLANG_WARN_OBJC_ROOT_CLASS = YES_ERROR;
				CLANG_WARN_RANGE_LOOP_ANALYSIS = YES;
				CLANG_WARN_STRICT_PROTOTYPES = YES;
				CLANG_WARN_SUSPICIOUS_MOVE = YES;
				CLANG_WARN_UNGUARDED_AVAILABILITY = YES_AGGRESSIVE;
				CLANG_WARN_UNREACHABLE_CODE = YES;
				CLANG_WARN__DUPLICATE_METHOD_MATCH = YES;
				COPY_PHASE_STRIP = NO;
				DEBUG_INFORMATION_FORMAT = dwarf;
				ENABLE_STRICT_OBJC_MSGSEND = YES;
				ENABLE_TESTABILITY = YES;
				GCC_C_LANGUAGE_STANDARD = gnu11;
				GCC_DYNAMIC_NO_PIC = NO;
				GCC_NO_COMMON_BLOCKS = YES;
				GCC_OPTIMIZATION_LEVEL = 0;
				GCC_PREPROCESSOR_DEFINITIONS = (
					"DEBUG=1",
					"$(inherited)",
				);
				GCC_WARN_64_TO_32_BIT_CONVERSION = YES;
				GCC_WARN_ABOUT_RETURN_TYPE = YES_ERROR;
				GCC_WARN_UNDECLARED_SELECTOR = YES;
				GCC_WARN_UNINITIALIZED_AUTOS = YES_AGGRESSIVE;
				GCC_WARN_UNUSED_FUNCTION = YES;
				GCC_WARN_UNUSED_VARIABLE = YES;
				IPHONEOS_DEPLOYMENT_TARGET = 13.2;
				MTL_ENABLE_DEBUG_INFO = INCLUDE_SOURCE;
				MTL_FAST_MATH = YES;
				ONLY_ACTIVE_ARCH = YES;
				SDKROOT = iphoneos;
				SWIFT_ACTIVE_COMPILATION_CONDITIONS = DEBUG;
				SWIFT_OPTIMIZATION_LEVEL = "-Onone";
			};
			name = Debug;
		};
		448DF0D623FA6EB60006DB9E /* Release */ = {
			isa = XCBuildConfiguration;
			buildSettings = {
				ALWAYS_SEARCH_USER_PATHS = NO;
				CLANG_ANALYZER_NONNULL = YES;
				CLANG_ANALYZER_NUMBER_OBJECT_CONVERSION = YES_AGGRESSIVE;
				CLANG_CXX_LANGUAGE_STANDARD = "gnu++14";
				CLANG_CXX_LIBRARY = "libc++";
				CLANG_ENABLE_MODULES = YES;
				CLANG_ENABLE_OBJC_ARC = YES;
				CLANG_ENABLE_OBJC_WEAK = YES;
				CLANG_WARN_BLOCK_CAPTURE_AUTORELEASING = YES;
				CLANG_WARN_BOOL_CONVERSION = YES;
				CLANG_WARN_COMMA = YES;
				CLANG_WARN_CONSTANT_CONVERSION = YES;
				CLANG_WARN_DEPRECATED_OBJC_IMPLEMENTATIONS = YES;
				CLANG_WARN_DIRECT_OBJC_ISA_USAGE = YES_ERROR;
				CLANG_WARN_DOCUMENTATION_COMMENTS = YES;
				CLANG_WARN_EMPTY_BODY = YES;
				CLANG_WARN_ENUM_CONVERSION = YES;
				CLANG_WARN_INFINITE_RECURSION = YES;
				CLANG_WARN_INT_CONVERSION = YES;
				CLANG_WARN_NON_LITERAL_NULL_CONVERSION = YES;
				CLANG_WARN_OBJC_IMPLICIT_RETAIN_SELF = YES;
				CLANG_WARN_OBJC_LITERAL_CONVERSION = YES;
				CLANG_WARN_OBJC_ROOT_CLASS = YES_ERROR;
				CLANG_WARN_RANGE_LOOP_ANALYSIS = YES;
				CLANG_WARN_STRICT_PROTOTYPES = YES;
				CLANG_WARN_SUSPICIOUS_MOVE = YES;
				CLANG_WARN_UNGUARDED_AVAILABILITY = YES_AGGRESSIVE;
				CLANG_WARN_UNREACHABLE_CODE = YES;
				CLANG_WARN__DUPLICATE_METHOD_MATCH = YES;
				COPY_PHASE_STRIP = NO;
				DEBUG_INFORMATION_FORMAT = "dwarf-with-dsym";
				ENABLE_NS_ASSERTIONS = NO;
				ENABLE_STRICT_OBJC_MSGSEND = YES;
				GCC_C_LANGUAGE_STANDARD = gnu11;
				GCC_NO_COMMON_BLOCKS = YES;
				GCC_WARN_64_TO_32_BIT_CONVERSION = YES;
				GCC_WARN_ABOUT_RETURN_TYPE = YES_ERROR;
				GCC_WARN_UNDECLARED_SELECTOR = YES;
				GCC_WARN_UNINITIALIZED_AUTOS = YES_AGGRESSIVE;
				GCC_WARN_UNUSED_FUNCTION = YES;
				GCC_WARN_UNUSED_VARIABLE = YES;
				IPHONEOS_DEPLOYMENT_TARGET = 13.2;
				MTL_ENABLE_DEBUG_INFO = NO;
				MTL_FAST_MATH = YES;
				SDKROOT = iphoneos;
				SWIFT_COMPILATION_MODE = wholemodule;
				SWIFT_OPTIMIZATION_LEVEL = "-O";
				VALIDATE_PRODUCT = YES;
			};
			name = Release;
		};
		448DF0D823FA6EB60006DB9E /* Debug */ = {
			isa = XCBuildConfiguration;
			buildSettings = {
				ASSETCATALOG_COMPILER_APPICON_NAME = AppIcon;
				CODE_SIGN_STYLE = Automatic;
				DEVELOPMENT_TEAM = 3DZ9XQZH2G;
				INFOPLIST_FILE = "PersonalQuizApp/Supporting Files/Info.plist";
				LD_RUNPATH_SEARCH_PATHS = (
					"$(inherited)",
					"@executable_path/Frameworks",
				);
				PRODUCT_BUNDLE_IDENTIFIER = com.YuriyMamonov.PersonalQuizApp;
				PRODUCT_NAME = "$(TARGET_NAME)";
				SWIFT_VERSION = 5.0;
				TARGETED_DEVICE_FAMILY = "1,2";
			};
			name = Debug;
		};
		448DF0D923FA6EB60006DB9E /* Release */ = {
			isa = XCBuildConfiguration;
			buildSettings = {
				ASSETCATALOG_COMPILER_APPICON_NAME = AppIcon;
				CODE_SIGN_STYLE = Automatic;
				DEVELOPMENT_TEAM = 3DZ9XQZH2G;
				INFOPLIST_FILE = "PersonalQuizApp/Supporting Files/Info.plist";
				LD_RUNPATH_SEARCH_PATHS = (
					"$(inherited)",
					"@executable_path/Frameworks",
				);
				PRODUCT_BUNDLE_IDENTIFIER = com.YuriyMamonov.PersonalQuizApp;
				PRODUCT_NAME = "$(TARGET_NAME)";
				SWIFT_VERSION = 5.0;
				TARGETED_DEVICE_FAMILY = "1,2";
			};
			name = Release;
		};
/* End XCBuildConfiguration section */

/* Begin XCConfigurationList section */
		448DF0BE23FA6EB50006DB9E /* Build configuration list for PBXProject "PersonalQuizApp" */ = {
			isa = XCConfigurationList;
			buildConfigurations = (
				448DF0D523FA6EB60006DB9E /* Debug */,
				448DF0D623FA6EB60006DB9E /* Release */,
			);
			defaultConfigurationIsVisible = 0;
			defaultConfigurationName = Release;
		};
		448DF0D723FA6EB60006DB9E /* Build configuration list for PBXNativeTarget "PersonalQuizApp" */ = {
			isa = XCConfigurationList;
			buildConfigurations = (
				448DF0D823FA6EB60006DB9E /* Debug */,
				448DF0D923FA6EB60006DB9E /* Release */,
			);
			defaultConfigurationIsVisible = 0;
			defaultConfigurationName = Release;
		};
/* End XCConfigurationList section */
	};
	rootObject = 448DF0BB23FA6EB50006DB9E /* Project object */;
}
